
Microsoft Visual Studio Solution File, Format Version 12.00
# Visual Studio 15
VisualStudioVersion = 15.0.27428.2005
MinimumVisualStudioVersion = 10.0.40219.1
Project("{FAE04EC0-301F-11D3-BF4B-00C04F79EFBC}") = "BookLogic", "BookLogic\BookLogic.csproj", "{CDF3CF9D-79A0-4EA1-98F2-C765617AA789}"
EndProject
Project("{FAE04EC0-301F-11D3-BF4B-00C04F79EFBC}") = "Service", "Service\Service.csproj", "{54322900-1C84-4B2E-9AE0-E0A852D4547F}"
EndProject
Project("{FAE04EC0-301F-11D3-BF4B-00C04F79EFBC}") = "Storage", "Storage\Storage.csproj", "{0795F6D6-7DEA-42E6-ADD8-704650923B6C}"
EndProject
Project("{FAE04EC0-301F-11D3-BF4B-00C04F79EFBC}") = "Logs", "Logs\Logs.csproj", "{BA6D29B7-DB65-4C44-B2D5-5A148DCC6E57}"
EndProject
Project("{FAE04EC0-301F-11D3-BF4B-00C04F79EFBC}") = "ConsoleUI", "ConsoleUI\ConsoleUI.csproj", "{A1C44D6D-4435-4A70-8899-3226B69B103A}"
EndProject
Project("{FAE04EC0-301F-11D3-BF4B-00C04F79EFBC}") = "BookFormatter", "BookFormatter\BookFormatter.csproj", "{EA54E5B6-B668-4D05-9638-880B1D9CFC16}"
EndProject
Global
	GlobalSection(SolutionConfigurationPlatforms) = preSolution
		Debug|Any CPU = Debug|Any CPU
		Release|Any CPU = Release|Any CPU
	EndGlobalSection
	GlobalSection(ProjectConfigurationPlatforms) = postSolution
		{CDF3CF9D-79A0-4EA1-98F2-C765617AA789}.Debug|Any CPU.ActiveCfg = Debug|Any CPU
		{CDF3CF9D-79A0-4EA1-98F2-C765617AA789}.Debug|Any CPU.Build.0 = Debug|Any CPU
		{CDF3CF9D-79A0-4EA1-98F2-C765617AA789}.Release|Any CPU.ActiveCfg = Release|Any CPU
		{CDF3CF9D-79A0-4EA1-98F2-C765617AA789}.Release|Any CPU.Build.0 = Release|Any CPU
		{54322900-1C84-4B2E-9AE0-E0A852D4547F}.Debug|Any CPU.ActiveCfg = Debug|Any CPU
		{54322900-1C84-4B2E-9AE0-E0A852D4547F}.Debug|Any CPU.Build.0 = Debug|Any CPU
		{54322900-1C84-4B2E-9AE0-E0A852D4547F}.Release|Any CPU.ActiveCfg = Release|Any CPU
		{54322900-1C84-4B2E-9AE0-E0A852D4547F}.Release|Any CPU.Build.0 = Release|Any CPU
		{0795F6D6-7DEA-42E6-ADD8-704650923B6C}.Debug|Any CPU.ActiveCfg = Debug|Any CPU
		{0795F6D6-7DEA-42E6-ADD8-704650923B6C}.Debug|Any CPU.Build.0 = Debug|Any CPU
		{0795F6D6-7DEA-42E6-ADD8-704650923B6C}.Release|Any CPU.ActiveCfg = Release|Any CPU
		{0795F6D6-7DEA-42E6-ADD8-704650923B6C}.Release|Any CPU.Build.0 = Release|Any CPU
		{BA6D29B7-DB65-4C44-B2D5-5A148DCC6E57}.Debug|Any CPU.ActiveCfg = Debug|Any CPU
		{BA6D29B7-DB65-4C44-B2D5-5A148DCC6E57}.Debug|Any CPU.Build.0 = Debug|Any CPU
		{BA6D29B7-DB65-4C44-B2D5-5A148DCC6E57}.Release|Any CPU.ActiveCfg = Release|Any CPU
		{BA6D29B7-DB65-4C44-B2D5-5A148DCC6E57}.Release|Any CPU.Build.0 = Release|Any CPU
		{A1C44D6D-4435-4A70-8899-3226B69B103A}.Debug|Any CPU.ActiveCfg = Debug|Any CPU
		{A1C44D6D-4435-4A70-8899-3226B69B103A}.Debug|Any CPU.Build.0 = Debug|Any CPU
		{A1C44D6D-4435-4A70-8899-3226B69B103A}.Release|Any CPU.ActiveCfg = Release|Any CPU
		{A1C44D6D-4435-4A70-8899-3226B69B103A}.Release|Any CPU.Build.0 = Release|Any CPU
		{EA54E5B6-B668-4D05-9638-880B1D9CFC16}.Debug|Any CPU.ActiveCfg = Debug|Any CPU
		{EA54E5B6-B668-4D05-9638-880B1D9CFC16}.Debug|Any CPU.Build.0 = Debug|Any CPU
		{EA54E5B6-B668-4D05-9638-880B1D9CFC16}.Release|Any CPU.ActiveCfg = Release|Any CPU
		{EA54E5B6-B668-4D05-9638-880B1D9CFC16}.Release|Any CPU.Build.0 = Release|Any CPU
	EndGlobalSection
	GlobalSection(SolutionProperties) = preSolution
		HideSolutionNode = FALSE
	EndGlobalSection
	GlobalSection(ExtensibilityGlobals) = postSolution
		SolutionGuid = {AAE5A4C4-9FA1-4659-8BF4-9ACFB7DA35E5}
	EndGlobalSection
EndGlobal
